// !$*UTF8*$!
{
	archiveVersion = 1;
	classes = {
	};
	objectVersion = 50;
	objects = {

/* Begin PBXBuildFile section */
		84660CAE21E682B8008E8136 /* AppDelegate.swift in Sources */ = {isa = PBXBuildFile; fileRef = 84660CAD21E682B8008E8136 /* AppDelegate.swift */; };
		84660CB021E682B8008E8136 /* ViewController.swift in Sources */ = {isa = PBXBuildFile; fileRef = 84660CAF21E682B8008E8136 /* ViewController.swift */; };
		84660CB321E682B8008E8136 /* Main.storyboard in Resources */ = {isa = PBXBuildFile; fileRef = 84660CB121E682B8008E8136 /* Main.storyboard */; };
		84660CB521E682B9008E8136 /* Assets.xcassets in Resources */ = {isa = PBXBuildFile; fileRef = 84660CB421E682B9008E8136 /* Assets.xcassets */; };
		84660CB821E682B9008E8136 /* LaunchScreen.storyboard in Resources */ = {isa = PBXBuildFile; fileRef = 84660CB621E682B9008E8136 /* LaunchScreen.storyboard */; };
		84660CC321E682B9008E8136 /* Actividad6Tests.swift in Sources */ = {isa = PBXBuildFile; fileRef = 84660CC221E682B9008E8136 /* Actividad6Tests.swift */; };
		84660CCE21E682B9008E8136 /* Actividad6UITests.swift in Sources */ = {isa = PBXBuildFile; fileRef = 84660CCD21E682B9008E8136 /* Actividad6UITests.swift */; };
		84660CDD21E68376008E8136 /* Empleado.swift in Sources */ = {isa = PBXBuildFile; fileRef = 84660CDC21E68376008E8136 /* Empleado.swift */; };
		84660CDF21E683C7008E8136 /* Cobranza.swift in Sources */ = {isa = PBXBuildFile; fileRef = 84660CDE21E683C7008E8136 /* Cobranza.swift */; };
		84660CE321E6846D008E8136 /* Deudor.swift in Sources */ = {isa = PBXBuildFile; fileRef = 84660CE221E6846D008E8136 /* Deudor.swift */; };
		84660CE521E687C4008E8136 /* DataResgister.swift in Sources */ = {isa = PBXBuildFile; fileRef = 84660CE421E687C4008E8136 /* DataResgister.swift */; };
		84660CE721E6941A008E8136 /* ViewController2.swift in Sources */ = {isa = PBXBuildFile; fileRef = 84660CE621E6941A008E8136 /* ViewController2.swift */; };
		84660CE921E79A4A008E8136 /* ViewController3.swift in Sources */ = {isa = PBXBuildFile; fileRef = 84660CE821E79A4A008E8136 /* ViewController3.swift */; };
		84660D2921E7B9C5008E8136 /* Actividad6.xcdatamodeld in Sources */ = {isa = PBXBuildFile; fileRef = 84660D2721E7B9C5008E8136 /* Actividad6.xcdatamodeld */; };
		84660D2B21E7C5BE008E8136 /* ViewController4.swift in Sources */ = {isa = PBXBuildFile; fileRef = 84660D2A21E7C5BE008E8136 /* ViewController4.swift */; };
		84660D2D21E7F47C008E8136 /* ViewController5.swift in Sources */ = {isa = PBXBuildFile; fileRef = 84660D2C21E7F47C008E8136 /* ViewController5.swift */; };
/* End PBXBuildFile section */

/* Begin PBXContainerItemProxy section */
		84660CBF21E682B9008E8136 /* PBXContainerItemProxy */ = {
			isa = PBXContainerItemProxy;
			containerPortal = 84660CA221E682B8008E8136 /* Project object */;
			proxyType = 1;
			remoteGlobalIDString = 84660CA921E682B8008E8136;
			remoteInfo = Actividad5;
		};
		84660CCA21E682B9008E8136 /* PBXContainerItemProxy */ = {
			isa = PBXContainerItemProxy;
			containerPortal = 84660CA221E682B8008E8136 /* Project object */;
			proxyType = 1;
			remoteGlobalIDString = 84660CA921E682B8008E8136;
			remoteInfo = Actividad5;
		};
/* End PBXContainerItemProxy section */

/* Begin PBXFileReference section */
		84660CAA21E682B8008E8136 /* Actividad6.app */ = {isa = PBXFileReference; explicitFileType = wrapper.application; includeInIndex = 0; path = Actividad6.app; sourceTree = BUILT_PRODUCTS_DIR; };
		84660CAD21E682B8008E8136 /* AppDelegate.swift */ = {isa = PBXFileReference; lastKnownFileType = sourcecode.swift; path = AppDelegate.swift; sourceTree = "<group>"; };
		84660CAF21E682B8008E8136 /* ViewController.swift */ = {isa = PBXFileReference; lastKnownFileType = sourcecode.swift; path = ViewController.swift; sourceTree = "<group>"; };
		84660CB221E682B8008E8136 /* Base */ = {isa = PBXFileReference; lastKnownFileType = file.storyboard; name = Base; path = Base.lproj/Main.storyboard; sourceTree = "<group>"; };
		84660CB421E682B9008E8136 /* Assets.xcassets */ = {isa = PBXFileReference; lastKnownFileType = folder.assetcatalog; path = Assets.xcassets; sourceTree = "<group>"; };
		84660CB721E682B9008E8136 /* Base */ = {isa = PBXFileReference; lastKnownFileType = file.storyboard; name = Base; path = Base.lproj/LaunchScreen.storyboard; sourceTree = "<group>"; };
		84660CB921E682B9008E8136 /* Info.plist */ = {isa = PBXFileReference; lastKnownFileType = text.plist.xml; path = Info.plist; sourceTree = "<group>"; };
		84660CBE21E682B9008E8136 /* Actividad6Tests.xctest */ = {isa = PBXFileReference; explicitFileType = wrapper.cfbundle; includeInIndex = 0; path = Actividad6Tests.xctest; sourceTree = BUILT_PRODUCTS_DIR; };
		84660CC221E682B9008E8136 /* Actividad6Tests.swift */ = {isa = PBXFileReference; lastKnownFileType = sourcecode.swift; path = Actividad6Tests.swift; sourceTree = "<group>"; };
		84660CC421E682B9008E8136 /* Info.plist */ = {isa = PBXFileReference; lastKnownFileType = text.plist.xml; path = Info.plist; sourceTree = "<group>"; };
		84660CC921E682B9008E8136 /* Actividad6UITests.xctest */ = {isa = PBXFileReference; explicitFileType = wrapper.cfbundle; includeInIndex = 0; path = Actividad6UITests.xctest; sourceTree = BUILT_PRODUCTS_DIR; };
		84660CCD21E682B9008E8136 /* Actividad6UITests.swift */ = {isa = PBXFileReference; lastKnownFileType = sourcecode.swift; path = Actividad6UITests.swift; sourceTree = "<group>"; };
		84660CCF21E682B9008E8136 /* Info.plist */ = {isa = PBXFileReference; lastKnownFileType = text.plist.xml; path = Info.plist; sourceTree = "<group>"; };
		84660CDC21E68376008E8136 /* Empleado.swift */ = {isa = PBXFileReference; lastKnownFileType = sourcecode.swift; path = Empleado.swift; sourceTree = "<group>"; };
		84660CDE21E683C7008E8136 /* Cobranza.swift */ = {isa = PBXFileReference; lastKnownFileType = sourcecode.swift; path = Cobranza.swift; sourceTree = "<group>"; };
		84660CE221E6846D008E8136 /* Deudor.swift */ = {isa = PBXFileReference; lastKnownFileType = sourcecode.swift; path = Deudor.swift; sourceTree = "<group>"; };
		84660CE421E687C4008E8136 /* DataResgister.swift */ = {isa = PBXFileReference; lastKnownFileType = sourcecode.swift; path = DataResgister.swift; sourceTree = "<group>"; };
		84660CE621E6941A008E8136 /* ViewController2.swift */ = {isa = PBXFileReference; lastKnownFileType = sourcecode.swift; path = ViewController2.swift; sourceTree = "<group>"; };
		84660CE821E79A4A008E8136 /* ViewController3.swift */ = {isa = PBXFileReference; lastKnownFileType = sourcecode.swift; path = ViewController3.swift; sourceTree = "<group>"; };
		84660D2821E7B9C5008E8136 /* Actividad6.xcdatamodel */ = {isa = PBXFileReference; lastKnownFileType = wrapper.xcdatamodel; path = Actividad6.xcdatamodel; sourceTree = "<group>"; };
		84660D2A21E7C5BE008E8136 /* ViewController4.swift */ = {isa = PBXFileReference; lastKnownFileType = sourcecode.swift; path = ViewController4.swift; sourceTree = "<group>"; };
		84660D2C21E7F47C008E8136 /* ViewController5.swift */ = {isa = PBXFileReference; lastKnownFileType = sourcecode.swift; path = ViewController5.swift; sourceTree = "<group>"; };
/* End PBXFileReference section */

/* Begin PBXFrameworksBuildPhase section */
		84660CA721E682B8008E8136 /* Frameworks */ = {
			isa = PBXFrameworksBuildPhase;
			buildActionMask = 2147483647;
			files = (
			);
			runOnlyForDeploymentPostprocessing = 0;
		};
		84660CBB21E682B9008E8136 /* Frameworks */ = {
			isa = PBXFrameworksBuildPhase;
			buildActionMask = 2147483647;
			files = (
			);
			runOnlyForDeploymentPostprocessing = 0;
		};
		84660CC621E682B9008E8136 /* Frameworks */ = {
			isa = PBXFrameworksBuildPhase;
			buildActionMask = 2147483647;
			files = (
			);
			runOnlyForDeploymentPostprocessing = 0;
		};
/* End PBXFrameworksBuildPhase section */

/* Begin PBXGroup section */
		84660CA121E682B8008E8136 = {
			isa = PBXGroup;
			children = (
				84660CAC21E682B8008E8136 /* Actividad6 */,
				84660CC121E682B9008E8136 /* Actividad6Tests */,
				84660CCC21E682B9008E8136 /* Actividad6UITests */,
				84660CAB21E682B8008E8136 /* Products */,
			);
			sourceTree = "<group>";
		};
		84660CAB21E682B8008E8136 /* Products */ = {
			isa = PBXGroup;
			children = (
				84660CAA21E682B8008E8136 /* Actividad6.app */,
				84660CBE21E682B9008E8136 /* Actividad6Tests.xctest */,
				84660CC921E682B9008E8136 /* Actividad6UITests.xctest */,
			);
			name = Products;
			sourceTree = "<group>";
		};
		84660CAC21E682B8008E8136 /* Actividad6 */ = {
			isa = PBXGroup;
			children = (
				84660D2721E7B9C5008E8136 /* Actividad6.xcdatamodeld */,
				84660CDB21E682E7008E8136 /* Model */,
				84660CAD21E682B8008E8136 /* AppDelegate.swift */,
				84660CAF21E682B8008E8136 /* ViewController.swift */,
				84660CB121E682B8008E8136 /* Main.storyboard */,
				84660CB421E682B9008E8136 /* Assets.xcassets */,
				84660CB621E682B9008E8136 /* LaunchScreen.storyboard */,
				84660CB921E682B9008E8136 /* Info.plist */,
				84660CE621E6941A008E8136 /* ViewController2.swift */,
				84660CE821E79A4A008E8136 /* ViewController3.swift */,
				84660D2A21E7C5BE008E8136 /* ViewController4.swift */,
				84660D2C21E7F47C008E8136 /* ViewController5.swift */,
			);
			path = Actividad6;
			sourceTree = "<group>";
		};
		84660CC121E682B9008E8136 /* Actividad6Tests */ = {
			isa = PBXGroup;
			children = (
				84660CC221E682B9008E8136 /* Actividad6Tests.swift */,
				84660CC421E682B9008E8136 /* Info.plist */,
			);
			path = Actividad6Tests;
			sourceTree = "<group>";
		};
		84660CCC21E682B9008E8136 /* Actividad6UITests */ = {
			isa = PBXGroup;
			children = (
				84660CCD21E682B9008E8136 /* Actividad6UITests.swift */,
				84660CCF21E682B9008E8136 /* Info.plist */,
			);
			path = Actividad6UITests;
			sourceTree = "<group>";
		};
		84660CDB21E682E7008E8136 /* Model */ = {
			isa = PBXGroup;
			children = (
				84660CDC21E68376008E8136 /* Empleado.swift */,
				84660CDE21E683C7008E8136 /* Cobranza.swift */,
				84660CE221E6846D008E8136 /* Deudor.swift */,
				84660CE421E687C4008E8136 /* DataResgister.swift */,
			);
			path = Model;
			sourceTree = "<group>";
		};
/* End PBXGroup section */

/* Begin PBXNativeTarget section */
		84660CA921E682B8008E8136 /* Actividad6 */ = {
			isa = PBXNativeTarget;
			buildConfigurationList = 84660CD221E682B9008E8136 /* Build configuration list for PBXNativeTarget "Actividad6" */;
			buildPhases = (
				84660CA621E682B8008E8136 /* Sources */,
				84660CA721E682B8008E8136 /* Frameworks */,
				84660CA821E682B8008E8136 /* Resources */,
			);
			buildRules = (
			);
			dependencies = (
			);
			name = Actividad6;
			productName = Actividad5;
			productReference = 84660CAA21E682B8008E8136 /* Actividad6.app */;
			productType = "com.apple.product-type.application";
		};
		84660CBD21E682B9008E8136 /* Actividad6Tests */ = {
			isa = PBXNativeTarget;
			buildConfigurationList = 84660CD521E682B9008E8136 /* Build configuration list for PBXNativeTarget "Actividad6Tests" */;
			buildPhases = (
				84660CBA21E682B9008E8136 /* Sources */,
				84660CBB21E682B9008E8136 /* Frameworks */,
				84660CBC21E682B9008E8136 /* Resources */,
			);
			buildRules = (
			);
			dependencies = (
				84660CC021E682B9008E8136 /* PBXTargetDependency */,
			);
			name = Actividad6Tests;
			productName = Actividad5Tests;
			productReference = 84660CBE21E682B9008E8136 /* Actividad6Tests.xctest */;
			productType = "com.apple.product-type.bundle.unit-test";
		};
		84660CC821E682B9008E8136 /* Actividad6UITests */ = {
			isa = PBXNativeTarget;
			buildConfigurationList = 84660CD821E682B9008E8136 /* Build configuration list for PBXNativeTarget "Actividad6UITests" */;
			buildPhases = (
				84660CC521E682B9008E8136 /* Sources */,
				84660CC621E682B9008E8136 /* Frameworks */,
				84660CC721E682B9008E8136 /* Resources */,
			);
			buildRules = (
			);
			dependencies = (
				84660CCB21E682B9008E8136 /* PBXTargetDependency */,
			);
			name = Actividad6UITests;
			productName = Actividad5UITests;
			productReference = 84660CC921E682B9008E8136 /* Actividad6UITests.xctest */;
			productType = "com.apple.product-type.bundle.ui-testing";
		};
/* End PBXNativeTarget section */

/* Begin PBXProject section */
		84660CA221E682B8008E8136 /* Project object */ = {
			isa = PBXProject;
			attributes = {
				LastSwiftUpdateCheck = 1000;
				LastUpgradeCheck = 1000;
				ORGANIZATIONNAME = usuario;
				TargetAttributes = {
					84660CA921E682B8008E8136 = {
						CreatedOnToolsVersion = 10.0;
					};
					84660CBD21E682B9008E8136 = {
						CreatedOnToolsVersion = 10.0;
						TestTargetID = 84660CA921E682B8008E8136;
					};
					84660CC821E682B9008E8136 = {
						CreatedOnToolsVersion = 10.0;
						TestTargetID = 84660CA921E682B8008E8136;
					};
				};
			};
			buildConfigurationList = 84660CA521E682B8008E8136 /* Build configuration list for PBXProject "Actividad6" */;
			compatibilityVersion = "Xcode 9.3";
			developmentRegion = en;
			hasScannedForEncodings = 0;
			knownRegions = (
				en,
				Base,
			);
			mainGroup = 84660CA121E682B8008E8136;
			productRefGroup = 84660CAB21E682B8008E8136 /* Products */;
			projectDirPath = "";
			projectRoot = "";
			targets = (
				84660CA921E682B8008E8136 /* Actividad6 */,
				84660CBD21E682B9008E8136 /* Actividad6Tests */,
				84660CC821E682B9008E8136 /* Actividad6UITests */,
			);
		};
/* End PBXProject section */

/* Begin PBXResourcesBuildPhase section */
		84660CA821E682B8008E8136 /* Resources */ = {
			isa = PBXResourcesBuildPhase;
			buildActionMask = 2147483647;
			files = (
				84660CB821E682B9008E8136 /* LaunchScreen.storyboard in Resources */,
				84660CB521E682B9008E8136 /* Assets.xcassets in Resources */,
				84660CB321E682B8008E8136 /* Main.storyboard in Resources */,
			);
			runOnlyForDeploymentPostprocessing = 0;
		};
		84660CBC21E682B9008E8136 /* Resources */ = {
			isa = PBXResourcesBuildPhase;
			buildActionMask = 2147483647;
			files = (
			);
			runOnlyForDeploymentPostprocessing = 0;
		};
		84660CC721E682B9008E8136 /* Resources */ = {
			isa = PBXResourcesBuildPhase;
			buildActionMask = 2147483647;
			files = (
			);
			runOnlyForDeploymentPostprocessing = 0;
		};
/* End PBXResourcesBuildPhase section */

/* Begin PBXSourcesBuildPhase section */
		84660CA621E682B8008E8136 /* Sources */ = {
			isa = PBXSourcesBuildPhase;
			buildActionMask = 2147483647;
			files = (
				84660CE721E6941A008E8136 /* ViewController2.swift in Sources */,
				84660CDD21E68376008E8136 /* Empleado.swift in Sources */,
				84660CE921E79A4A008E8136 /* ViewController3.swift in Sources */,
				84660D2921E7B9C5008E8136 /* Actividad6.xcdatamodeld in Sources */,
				84660CE321E6846D008E8136 /* Deudor.swift in Sources */,
				84660CDF21E683C7008E8136 /* Cobranza.swift in Sources */,
				84660CB021E682B8008E8136 /* ViewController.swift in Sources */,
				84660CE521E687C4008E8136 /* DataResgister.swift in Sources */,
				84660CAE21E682B8008E8136 /* AppDelegate.swift in Sources */,
				84660D2D21E7F47C008E8136 /* ViewController5.swift in Sources */,
				84660D2B21E7C5BE008E8136 /* ViewController4.swift in Sources */,
			);
			runOnlyForDeploymentPostprocessing = 0;
		};
		84660CBA21E682B9008E8136 /* Sources */ = {
			isa = PBXSourcesBuildPhase;
			buildActionMask = 2147483647;
			files = (
				84660CC321E682B9008E8136 /* Actividad6Tests.swift in Sources */,
			);
			runOnlyForDeploymentPostprocessing = 0;
		};
		84660CC521E682B9008E8136 /* Sources */ = {
			isa = PBXSourcesBuildPhase;
			buildActionMask = 2147483647;
			files = (
				84660CCE21E682B9008E8136 /* Actividad6UITests.swift in Sources */,
			);
			runOnlyForDeploymentPostprocessing = 0;
		};
/* End PBXSourcesBuildPhase section */

/* Begin PBXTargetDependency section */
		84660CC021E682B9008E8136 /* PBXTargetDependency */ = {
			isa = PBXTargetDependency;
			target = 84660CA921E682B8008E8136 /* Actividad6 */;
			targetProxy = 84660CBF21E682B9008E8136 /* PBXContainerItemProxy */;
		};
		84660CCB21E682B9008E8136 /* PBXTargetDependency */ = {
			isa = PBXTargetDependency;
			target = 84660CA921E682B8008E8136 /* Actividad6 */;
			targetProxy = 84660CCA21E682B9008E8136 /* PBXContainerItemProxy */;
		};
/* End PBXTargetDependency section */

/* Begin PBXVariantGroup section */
		84660CB121E682B8008E8136 /* Main.storyboard */ = {
			isa = PBXVariantGroup;
			children = (
				84660CB221E682B8008E8136 /* Base */,
			);
			name = Main.storyboard;
			sourceTree = "<group>";
		};
		84660CB621E682B9008E8136 /* LaunchScreen.storyboard */ = {
			isa = PBXVariantGroup;
			children = (
				84660CB721E682B9008E8136 /* Base */,
			);
			name = LaunchScreen.storyboard;
			sourceTree = "<group>";
		};
/* End PBXVariantGroup section */

/* Begin XCBuildConfiguration section */
		84660CD021E682B9008E8136 /* Debug */ = {
			isa = XCBuildConfiguration;
			buildSettings = {
				ALWAYS_SEARCH_USER_PATHS = NO;
				CLANG_ANALYZER_NONNULL = YES;
				CLANG_ANALYZER_NUMBER_OBJECT_CONVERSION = YES_AGGRESSIVE;
				CLANG_CXX_LANGUAGE_STANDARD = "gnu++14";
				CLANG_CXX_LIBRARY = "libc++";
				CLANG_ENABLE_MODULES = YES;
				CLANG_ENABLE_OBJC_ARC = YES;
				CLANG_ENABLE_OBJC_WEAK = YES;
				CLANG_WARN_BLOCK_CAPTURE_AUTORELEASING = YES;
				CLANG_WARN_BOOL_CONVERSION = YES;
				CLANG_WARN_COMMA = YES;
				CLANG_WARN_CONSTANT_CONVERSION = YES;
				CLANG_WARN_DEPRECATED_OBJC_IMPLEMENTATIONS = YES;
				CLANG_WARN_DIRECT_OBJC_ISA_USAGE = YES_ERROR;
				CLANG_WARN_DOCUMENTATION_COMMENTS = YES;
				CLANG_WARN_EMPTY_BODY = YES;
				CLANG_WARN_ENUM_CONVERSION = YES;
				CLANG_WARN_INFINITE_RECURSION = YES;
				CLANG_WARN_INT_CONVERSION = YES;
				CLANG_WARN_NON_LITERAL_NULL_CONVERSION = YES;
				CLANG_WARN_OBJC_IMPLICIT_RETAIN_SELF = YES;
				CLANG_WARN_OBJC_LITERAL_CONVERSION = YES;
				CLANG_WARN_OBJC_ROOT_CLASS = YES_ERROR;
				CLANG_WARN_RANGE_LOOP_ANALYSIS = YES;
				CLANG_WARN_STRICT_PROTOTYPES = YES;
				CLANG_WARN_SUSPICIOUS_MOVE = YES;
				CLANG_WARN_UNGUARDED_AVAILABILITY = YES_AGGRESSIVE;
				CLANG_WARN_UNREACHABLE_CODE = YES;
				CLANG_WARN__DUPLICATE_METHOD_MATCH = YES;
				CODE_SIGN_IDENTITY = "iPhone Developer";
				COPY_PHASE_STRIP = NO;
				DEBUG_INFORMATION_FORMAT = dwarf;
				ENABLE_STRICT_OBJC_MSGSEND = YES;
				ENABLE_TESTABILITY = YES;
				GCC_C_LANGUAGE_STANDARD = gnu11;
				GCC_DYNAMIC_NO_PIC = NO;
				GCC_NO_COMMON_BLOCKS = YES;
				GCC_OPTIMIZATION_LEVEL = 0;
				GCC_PREPROCESSOR_DEFINITIONS = (
					"DEBUG=1",
					"$(inherited)",
				);
				GCC_WARN_64_TO_32_BIT_CONVERSION = YES;
				GCC_WARN_ABOUT_RETURN_TYPE = YES_ERROR;
				GCC_WARN_UNDECLARED_SELECTOR = YES;
				GCC_WARN_UNINITIALIZED_AUTOS = YES_AGGRESSIVE;
				GCC_WARN_UNUSED_FUNCTION = YES;
				GCC_WARN_UNUSED_VARIABLE = YES;
				IPHONEOS_DEPLOYMENT_TARGET = 12.0;
				MTL_ENABLE_DEBUG_INFO = INCLUDE_SOURCE;
				MTL_FAST_MATH = YES;
				ONLY_ACTIVE_ARCH = YES;
				SDKROOT = iphoneos;
				SWIFT_ACTIVE_COMPILATION_CONDITIONS = DEBUG;
				SWIFT_OPTIMIZATION_LEVEL = "-Onone";
			};
			name = Debug;
		};
		84660CD121E682B9008E8136 /* Release */ = {
			isa = XCBuildConfiguration;
			buildSettings = {
				ALWAYS_SEARCH_USER_PATHS = NO;
				CLANG_ANALYZER_NONNULL = YES;
				CLANG_ANALYZER_NUMBER_OBJECT_CONVERSION = YES_AGGRESSIVE;
				CLANG_CXX_LANGUAGE_STANDARD = "gnu++14";
				CLANG_CXX_LIBRARY = "libc++";
				CLANG_ENABLE_MODULES = YES;
				CLANG_ENABLE_OBJC_ARC = YES;
				CLANG_ENABLE_OBJC_WEAK = YES;
				CLANG_WARN_BLOCK_CAPTURE_AUTORELEASING = YES;
				CLANG_WARN_BOOL_CONVERSION = YES;
				CLANG_WARN_COMMA = YES;
				CLANG_WARN_CONSTANT_CONVERSION = YES;
				CLANG_WARN_DEPRECATED_OBJC_IMPLEMENTATIONS = YES;
				CLANG_WARN_DIRECT_OBJC_ISA_USAGE = YES_ERROR;
				CLANG_WARN_DOCUMENTATION_COMMENTS = YES;
				CLANG_WARN_EMPTY_BODY = YES;
				CLANG_WARN_ENUM_CONVERSION = YES;
				CLANG_WARN_INFINITE_RECURSION = YES;
				CLANG_WARN_INT_CONVERSION = YES;
				CLANG_WARN_NON_LITERAL_NULL_CONVERSION = YES;
				CLANG_WARN_OBJC_IMPLICIT_RETAIN_SELF = YES;
				CLANG_WARN_OBJC_LITERAL_CONVERSION = YES;
				CLANG_WARN_OBJC_ROOT_CLASS = YES_ERROR;
				CLANG_WARN_RANGE_LOOP_ANALYSIS = YES;
				CLANG_WARN_STRICT_PROTOTYPES = YES;
				CLANG_WARN_SUSPICIOUS_MOVE = YES;
				CLANG_WARN_UNGUARDED_AVAILABILITY = YES_AGGRESSIVE;
				CLANG_WARN_UNREACHABLE_CODE = YES;
				CLANG_WARN__DUPLICATE_METHOD_MATCH = YES;
				CODE_SIGN_IDENTITY = "iPhone Developer";
				COPY_PHASE_STRIP = NO;
				DEBUG_INFORMATION_FORMAT = "dwarf-with-dsym";
				ENABLE_NS_ASSERTIONS = NO;
				ENABLE_STRICT_OBJC_MSGSEND = YES;
				GCC_C_LANGUAGE_STANDARD = gnu11;
				GCC_NO_COMMON_BLOCKS = YES;
				GCC_WARN_64_TO_32_BIT_CONVERSION = YES;
				GCC_WARN_ABOUT_RETURN_TYPE = YES_ERROR;
				GCC_WARN_UNDECLARED_SELECTOR = YES;
				GCC_WARN_UNINITIALIZED_AUTOS = YES_AGGRESSIVE;
				GCC_WARN_UNUSED_FUNCTION = YES;
				GCC_WARN_UNUSED_VARIABLE = YES;
				IPHONEOS_DEPLOYMENT_TARGET = 12.0;
				MTL_ENABLE_DEBUG_INFO = NO;
				MTL_FAST_MATH = YES;
				SDKROOT = iphoneos;
				SWIFT_COMPILATION_MODE = wholemodule;
				SWIFT_OPTIMIZATION_LEVEL = "-O";
				VALIDATE_PRODUCT = YES;
			};
			name = Release;
		};
		84660CD321E682B9008E8136 /* Debug */ = {
			isa = XCBuildConfiguration;
			buildSettings = {
				ASSETCATALOG_COMPILER_APPICON_NAME = AppIcon;
				CODE_SIGN_STYLE = Automatic;
				INFOPLIST_FILE = Actividad6/Info.plist;
				LD_RUNPATH_SEARCH_PATHS = (
					"$(inherited)",
					"@executable_path/Frameworks",
				);
				PRODUCT_BUNDLE_IDENTIFIER = swiftIntermedio.Actividad6;
				PRODUCT_NAME = "$(TARGET_NAME)";
				SWIFT_VERSION = 4.2;
				TARGETED_DEVICE_FAMILY = "1,2";
			};
			name = Debug;
		};
		84660CD421E682B9008E8136 /* Release */ = {
			isa = XCBuildConfiguration;
			buildSettings = {
				ASSETCATALOG_COMPILER_APPICON_NAME = AppIcon;
				CODE_SIGN_STYLE = Automatic;
				INFOPLIST_FILE = Actividad6/Info.plist;
				LD_RUNPATH_SEARCH_PATHS = (
					"$(inherited)",
					"@executable_path/Frameworks",
				);
				PRODUCT_BUNDLE_IDENTIFIER = swiftIntermedio.Actividad6;
				PRODUCT_NAME = "$(TARGET_NAME)";
				SWIFT_VERSION = 4.2;
				TARGETED_DEVICE_FAMILY = "1,2";
			};
			name = Release;
		};
		84660CD621E682B9008E8136 /* Debug */ = {
			isa = XCBuildConfiguration;
			buildSettings = {
				ALWAYS_EMBED_SWIFT_STANDARD_LIBRARIES = YES;
				BUNDLE_LOADER = "$(TEST_HOST)";
				CODE_SIGN_STYLE = Automatic;
				INFOPLIST_FILE = Actividad5Tests/Info.plist;
				LD_RUNPATH_SEARCH_PATHS = (
					"$(inherited)",
					"@executable_path/Frameworks",
					"@loader_path/Frameworks",
				);
				PRODUCT_BUNDLE_IDENTIFIER = swiftIntermedio.Actividad5Tests;
				PRODUCT_NAME = "$(TARGET_NAME)";
				SWIFT_VERSION = 4.2;
				TARGETED_DEVICE_FAMILY = "1,2";
				TEST_HOST = "$(BUILT_PRODUCTS_DIR)/Actividad6.app/Actividad6";
			};
			name = Debug;
		};
		84660CD721E682B9008E8136 /* Release */ = {
			isa = XCBuildConfiguration;
			buildSettings = {
				ALWAYS_EMBED_SWIFT_STANDARD_LIBRARIES = YES;
				BUNDLE_LOADER = "$(TEST_HOST)";
				CODE_SIGN_STYLE = Automatic;
				INFOPLIST_FILE = Actividad5Tests/Info.plist;
				LD_RUNPATH_SEARCH_PATHS = (
					"$(inherited)",
					"@executable_path/Frameworks",
					"@loader_path/Frameworks",
				);
				PRODUCT_BUNDLE_IDENTIFIER = swiftIntermedio.Actividad5Tests;
				PRODUCT_NAME = "$(TARGET_NAME)";
				SWIFT_VERSION = 4.2;
				TARGETED_DEVICE_FAMILY = "1,2";
				TEST_HOST = "$(BUILT_PRODUCTS_DIR)/Actividad6.app/Actividad6";
			};
			name = Release;
		};
		84660CD921E682B9008E8136 /* Debug */ = {
			isa = XCBuildConfiguration;
			buildSettings = {
				ALWAYS_EMBED_SWIFT_STANDARD_LIBRARIES = YES;
				CODE_SIGN_STYLE = Automatic;
				INFOPLIST_FILE = Actividad5UITests/Info.plist;
				LD_RUNPATH_SEARCH_PATHS = (
					"$(inherited)",
					"@executable_path/Frameworks",
					"@loader_path/Frameworks",
				);
				PRODUCT_BUNDLE_IDENTIFIER = swiftIntermedio.Actividad5UITests;
				PRODUCT_NAME = "$(TARGET_NAME)";
				SWIFT_VERSION = 4.2;
				TARGETED_DEVICE_FAMILY = "1,2";
				TEST_TARGET_NAME = Actividad5;
			};
			name = Debug;
		};
		84660CDA21E682B9008E8136 /* Release */ = {
			isa = XCBuildConfiguration;
			buildSettings = {
				ALWAYS_EMBED_SWIFT_STANDARD_LIBRARIES = YES;
				CODE_SIGN_STYLE = Automatic;
				INFOPLIST_FILE = Actividad5UITests/Info.plist;
				LD_RUNPATH_SEARCH_PATHS = (
					"$(inherited)",
					"@executable_path/Frameworks",
					"@loader_path/Frameworks",
				);
				PRODUCT_BUNDLE_IDENTIFIER = swiftIntermedio.Actividad5UITests;
				PRODUCT_NAME = "$(TARGET_NAME)";
				SWIFT_VERSION = 4.2;
				TARGETED_DEVICE_FAMILY = "1,2";
				TEST_TARGET_NAME = Actividad5;
			};
			name = Release;
		};
/* End XCBuildConfiguration section */

/* Begin XCConfigurationList section */
		84660CA521E682B8008E8136 /* Build configuration list for PBXProject "Actividad6" */ = {
			isa = XCConfigurationList;
			buildConfigurations = (
				84660CD021E682B9008E8136 /* Debug */,
				84660CD121E682B9008E8136 /* Release */,
			);
			defaultConfigurationIsVisible = 0;
			defaultConfigurationName = Release;
		};
		84660CD221E682B9008E8136 /* Build configuration list for PBXNativeTarget "Actividad6" */ = {
			isa = XCConfigurationList;
			buildConfigurations = (
				84660CD321E682B9008E8136 /* Debug */,
				84660CD421E682B9008E8136 /* Release */,
			);
			defaultConfigurationIsVisible = 0;
			defaultConfigurationName = Release;
		};
		84660CD521E682B9008E8136 /* Build configuration list for PBXNativeTarget "Actividad6Tests" */ = {
			isa = XCConfigurationList;
			buildConfigurations = (
				84660CD621E682B9008E8136 /* Debug */,
				84660CD721E682B9008E8136 /* Release */,
			);
			defaultConfigurationIsVisible = 0;
			defaultConfigurationName = Release;
		};
		84660CD821E682B9008E8136 /* Build configuration list for PBXNativeTarget "Actividad6UITests" */ = {
			isa = XCConfigurationList;
			buildConfigurations = (
				84660CD921E682B9008E8136 /* Debug */,
				84660CDA21E682B9008E8136 /* Release */,
			);
			defaultConfigurationIsVisible = 0;
			defaultConfigurationName = Release;
		};
/* End XCConfigurationList section */

/* Begin XCVersionGroup section */
		84660D2721E7B9C5008E8136 /* Actividad6.xcdatamodeld */ = {
			isa = XCVersionGroup;
			children = (
				84660D2821E7B9C5008E8136 /* Actividad6.xcdatamodel */,
			);
			currentVersion = 84660D2821E7B9C5008E8136 /* Actividad6.xcdatamodel */;
			path = Actividad6.xcdatamodeld;
			sourceTree = "<group>";
			versionGroupType = wrapper.xcdatamodel;
		};
/* End XCVersionGroup section */
	};
	rootObject = 84660CA221E682B8008E8136 /* Project object */;
}
